
Microsoft Visual Studio Solution File, Format Version 12.00
# Visual Studio Version 17
VisualStudioVersion = 17.14.36127.28 d17.14
MinimumVisualStudioVersion = 10.0.40219.1
Project("{FAE04EC0-301F-11D3-BF4B-00C04F79EFBC}") = "Config Merger", "Config Merger.csproj", "{352B8500-911B-4AA4-9A2F-87B32575A198}"
EndProject
Global
	GlobalSection(SolutionConfigurationPlatforms) = preSolution
		Debug|Any CPU = Debug|Any CPU
		Release|Any CPU = Release|Any CPU
	EndGlobalSection
	GlobalSection(ProjectConfigurationPlatforms) = postSolution
		{352B8500-911B-4AA4-9A2F-87B32575A198}.Debug|Any CPU.ActiveCfg = Debug|Any CPU
		{352B8500-911B-4AA4-9A2F-87B32575A198}.Debug|Any CPU.Build.0 = Debug|Any CPU
		{352B8500-911B-4AA4-9A2F-87B32575A198}.Release|Any CPU.ActiveCfg = Release|Any CPU
		{352B8500-911B-4AA4-9A2F-87B32575A198}.Release|Any CPU.Build.0 = Release|Any CPU
	EndGlobalSection
	GlobalSection(SolutionProperties) = preSolution
		HideSolutionNode = FALSE
	EndGlobalSection
	GlobalSection(ExtensibilityGlobals) = postSolution
		SolutionGuid = {2B8C0977-D34A-4023-8D02-82B765F54C18}
	EndGlobalSection
EndGlobal
